
Microsoft Visual Studio Solution File, Format Version 12.00
# Visual Studio 15
VisualStudioVersion = 15.0.28010.2036
MinimumVisualStudioVersion = 10.0.40219.1
Project("{FAE04EC0-301F-11D3-BF4B-00C04F79EFBC}") = "MvcExamApp", "MvcExamApp\MvcExamApp.csproj", "{CEC44D5D-E241-4B9C-88C9-92F0F2897622}"
EndProject
Global
	GlobalSection(SolutionConfigurationPlatforms) = preSolution
		Debug|Any CPU = Debug|Any CPU
		Release|Any CPU = Release|Any CPU
	EndGlobalSection
	GlobalSection(ProjectConfigurationPlatforms) = postSolution
		{CEC44D5D-E241-4B9C-88C9-92F0F2897622}.Debug|Any CPU.ActiveCfg = Debug|Any CPU
		{CEC44D5D-E241-4B9C-88C9-92F0F2897622}.Debug|Any CPU.Build.0 = Debug|Any CPU
		{CEC44D5D-E241-4B9C-88C9-92F0F2897622}.Release|Any CPU.ActiveCfg = Release|Any CPU
		{CEC44D5D-E241-4B9C-88C9-92F0F2897622}.Release|Any CPU.Build.0 = Release|Any CPU
	EndGlobalSection
	GlobalSection(SolutionProperties) = preSolution
		HideSolutionNode = FALSE
	EndGlobalSection
	GlobalSection(ExtensibilityGlobals) = postSolution
		SolutionGuid = {FA6F43DC-C15A-4B18-8A87-EA716C9274C1}
	EndGlobalSection
EndGlobal
